
Microsoft Visual Studio Solution File, Format Version 10.00
# Visual C++ Express 2008
Project("{8BC9CEB8-8B4A-11D0-8D11-00A0C91BC942}") = "trpr", "trpr\trpr.vcproj", "{E5D7D661-3197-42F1-B454-A918EFF2B85B}"
EndProject
Global
	GlobalSection(SolutionConfigurationPlatforms) = preSolution
		Debug|Win32 = Debug|Win32
		Release|Win32 = Release|Win32
	EndGlobalSection
	GlobalSection(ProjectConfigurationPlatforms) = postSolution
		{E5D7D661-3197-42F1-B454-A918EFF2B85B}.Debug|Win32.ActiveCfg = Debug|Win32
		{E5D7D661-3197-42F1-B454-A918EFF2B85B}.Debug|Win32.Build.0 = Debug|Win32
		{E5D7D661-3197-42F1-B454-A918EFF2B85B}.Release|Win32.ActiveCfg = Release|Win32
		{E5D7D661-3197-42F1-B454-A918EFF2B85B}.Release|Win32.Build.0 = Release|Win32
	EndGlobalSection
	GlobalSection(SolutionProperties) = preSolution
		HideSolutionNode = FALSE
	EndGlobalSection
EndGlobal
